<?xml version="1.0" encoding="utf-8"?>
<Project ToolsVersion="4.0" xmlns="http://schemas.microsoft.com/developer/msbuild/2003">
  <ItemGroup>
    <Filter Include="Source Files">
      <UniqueIdentifier>{4FC737F1-C7A5-4376-A066-2A32D752A2FF}</UniqueIdentifier>
      <Extensions>cpp;c;cc;cxx;def;odl;idl;hpj;bat;asm;asmx</Extensions>
    </Filter>
    <Filter Include="Header Files">
      <UniqueIdentifier>{93995380-89BD-4b04-88EB-625FBE52EBFB}</UniqueIdentifier>
      <Extensions>h;hh;hpp;hxx;hm;inl;inc;xsd</Extensions>
    </Filter>
    <Filter Include="Resource Files">
      <UniqueIdentifier>{67DA6AB6-F800-4c08-8B7A-83BB121AAD01}</UniqueIdentifier>
      <Extensions>rc;ico;cur;bmp;dlg;rc2;rct;bin;rgs;gif;jpg;jpeg;jpe;resx;tiff;tif;png;wav;mfcribbon-ms</Extensions>
    </Filter>
  </ItemGroup>
  <ItemGroup>
    <ClCompile Include="Graphics\Natives\hexagon.cpp">
      <Filter>Source Files</Filter>
    </ClCompile>
    <ClCompile Include="Graphics\Natives\native.cpp">
      <Filter>Source Files</Filter>
    </ClCompile>
    <ClCompile Include="Graphics\Rendering\Renderable.cpp">
      <Filter>Source Files</Filter>
    </ClCompile>
    <ClCompile Include="Graphics\Rendering\Renderer.cpp">
      <Filter>Source Files</Filter>
    </ClCompile>
    <ClCompile Include="Graphics\Rendering\trueType.cpp">
      <Filter>Source Files</Filter>
    </ClCompile>
    <ClCompile Include="Graphics\Window\mouse.cpp">
      <Filter>Source Files</Filter>
    </ClCompile>
    <ClCompile Include="Graphics\Window\timer.cpp">
      <Filter>Source Files</Filter>
    </ClCompile>
    <ClCompile Include="Graphics\Window\window.cpp">
      <Filter>Source Files</Filter>
    </ClCompile>
    <ClCompile Include="TestApps\Hosono.cpp">
      <Filter>Source Files</Filter>
    </ClCompile>
    <ClCompile Include="TestApps\mapTest.cpp">
      <Filter>Source Files</Filter>
    </ClCompile>
    <ClCompile Include="TestApps\sheetTest.cpp">
      <Filter>Source Files</Filter>
    </ClCompile>
    <ClCompile Include="AloeApps\Stronghold\debug\debug.cpp">
      <Filter>Source Files</Filter>
    </ClCompile>
    <ClCompile Include="AloeApps\Stronghold\run\run.cpp">
      <Filter>Source Files</Filter>
    </ClCompile>
    <ClCompile Include="AloeApps\Stronghold\run\title.cpp">
      <Filter>Source Files</Filter>
    </ClCompile>
    <ClCompile Include="AloeApps\Stronghold\tools\grid.cpp">
      <Filter>Source Files</Filter>
    </ClCompile>
    <ClCompile Include="AloeApps\Stronghold\gameMap.cpp">
      <Filter>Source Files</Filter>
    </ClCompile>
    <ClCompile Include="AloeApps\Cagiyama\timeRect.cpp">
      <Filter>Source Files</Filter>
    </ClCompile>
    <ClCompile Include="AloeApps\Cagiyama\timedCounter.cpp">
      <Filter>Source Files</Filter>
    </ClCompile>
    <ClCompile Include="Tools\maths.cpp">
      <Filter>Source Files</Filter>
    </ClCompile>
    <ClCompile Include="Tools\music.cpp">
      <Filter>Source Files</Filter>
    </ClCompile>
    <ClCompile Include="main.cpp">
      <Filter>Source Files</Filter>
    </ClCompile>
    <ClCompile Include="AloeApps\Stronghold\tools\musicPlayer.cpp">
      <Filter>Source Files</Filter>
    </ClCompile>
  </ItemGroup>
  <ItemGroup>
    <ClInclude Include="Graphics\Natives\hexagon.h">
      <Filter>Header Files</Filter>
    </ClInclude>
    <ClInclude Include="Graphics\Natives\native.h">
      <Filter>Header Files</Filter>
    </ClInclude>
    <ClInclude Include="Graphics\Rendering\Renderable.h">
      <Filter>Header Files</Filter>
    </ClInclude>
    <ClInclude Include="Graphics\Rendering\Renderer.h">
      <Filter>Header Files</Filter>
    </ClInclude>
    <ClInclude Include="Graphics\Rendering\trueType.h">
      <Filter>Header Files</Filter>
    </ClInclude>
    <ClInclude Include="Graphics\Window\mouse.h">
      <Filter>Header Files</Filter>
    </ClInclude>
    <ClInclude Include="Graphics\Window\timer.h">
      <Filter>Header Files</Filter>
    </ClInclude>
    <ClInclude Include="Graphics\Window\window.h">
      <Filter>Header Files</Filter>
    </ClInclude>
    <ClInclude Include="TestApps\Hosono.h">
      <Filter>Header Files</Filter>
    </ClInclude>
    <ClInclude Include="TestApps\mapTest.h">
      <Filter>Header Files</Filter>
    </ClInclude>
    <ClInclude Include="TestApps\sheetTest.h">
      <Filter>Header Files</Filter>
    </ClInclude>
    <ClInclude Include="AloeApps\Stronghold\debug\debug.h">
      <Filter>Header Files</Filter>
    </ClInclude>
    <ClInclude Include="AloeApps\Stronghold\run\run.h">
      <Filter>Header Files</Filter>
    </ClInclude>
    <ClInclude Include="AloeApps\Stronghold\run\title.h">
      <Filter>Header Files</Filter>
    </ClInclude>
    <ClInclude Include="AloeApps\Stronghold\tools\grid.h">
      <Filter>Header Files</Filter>
    </ClInclude>
    <ClInclude Include="AloeApps\Stronghold\gameMap.h">
      <Filter>Header Files</Filter>
    </ClInclude>
    <ClInclude Include="AloeApps\Cagiyama\timeRect.h">
      <Filter>Header Files</Filter>
    </ClInclude>
    <ClInclude Include="AloeApps\Cagiyama\timedCounter.h">
      <Filter>Header Files</Filter>
    </ClInclude>
    <ClInclude Include="Tools\maths.h">
      <Filter>Header Files</Filter>
    </ClInclude>
    <ClInclude Include="Tools\music.h">
      <Filter>Header Files</Filter>
    </ClInclude>
    <ClInclude Include="AloeApps\Stronghold\tools\musicPlayer.h">
      <Filter>Header Files</Filter>
    </ClInclude>
  </ItemGroup>
  <ItemGroup>
    <None Include="libjpeg-9.dll" />
    <None Include="libpng16-16.dll" />
    <None Include="libtiff-5.dll" />
    <None Include="libwebp-7.dll" />
    <None Include="SDL2.dll" />
    <None Include="SDL2_image.dll" />
    <None Include="SDL2_mixer.dll" />
    <None Include="zlib1.dll" />
  </ItemGroup>
  <ItemGroup>
    <Media Include="Media\Bionic Leviathan.wav">
      <Filter>Resource Files</Filter>
    </Media>
    <Media Include="AloeApps\Stronghold\media\Bionic Leviathan.wav">
      <Filter>Resource Files</Filter>
    </Media>
  </ItemGroup>
  <ItemGroup>
    <Image Include="Media\Circle.bmp">
      <Filter>Resource Files</Filter>
    </Image>
    <Image Include="Media\Down_Arrow.bmp">
      <Filter>Resource Files</Filter>
    </Image>
    <Image Include="Media\FlatColourTest00.png">
      <Filter>Resource Files</Filter>
    </Image>
    <Image Include="Media\Flower00.png">
      <Filter>Resource Files</Filter>
    </Image>
    <Image Include="Media\ForeverAlphaSTitle.png">
      <Filter>Resource Files</Filter>
    </Image>
    <Image Include="Media\HexSprites.png">
      <Filter>Resource Files</Filter>
    </Image>
    <Image Include="Media\Left_Arrow.bmp">
      <Filter>Resource Files</Filter>
    </Image>
    <Image Include="Media\MootTest00.png">
      <Filter>Resource Files</Filter>
    </Image>
    <Image Include="Media\NumberTest00.png">
      <Filter>Resource Files</Filter>
    </Image>
    <Image Include="Media\Quad.bmp">
      <Filter>Resource Files</Filter>
    </Image>
    <Image Include="Media\QuadChrome.bmp">
      <Filter>Resource Files</Filter>
    </Image>
    <Image Include="Media\Right_Arrow.bmp">
      <Filter>Resource Files</Filter>
    </Image>
    <Image Include="Media\testsheet00.png">
      <Filter>Resource Files</Filter>
    </Image>
    <Image Include="Media\testsheet01.png">
      <Filter>Resource Files</Filter>
    </Image>
    <Image Include="Media\testsheet02.png">
      <Filter>Resource Files</Filter>
    </Image>
    <Image Include="Media\testsheet03.png">
      <Filter>Resource Files</Filter>
    </Image>
    <Image Include="Media\testsheet04.png">
      <Filter>Resource Files</Filter>
    </Image>
    <Image Include="Media\Up_Arrow.bmp">
      <Filter>Resource Files</Filter>
    </Image>
    <Image Include="AloeApps\Stronghold\media\ForeverAlphaSTitle.png">
      <Filter>Resource Files</Filter>
    </Image>
    <Image Include="AloeApps\Stronghold\media\HexSprites.png">
      <Filter>Resource Files</Filter>
    </Image>
    <Image Include="AloeApps\Stronghold\media\MootTest00.png">
      <Filter>Resource Files</Filter>
    </Image>
  </ItemGroup>
  <ItemGroup>
    <Font Include="Media\lucon.ttf" />
    <Font Include="Media\NiseSega.ttf" />
    <Font Include="AloeApps\Stronghold\media\lucon.ttf" />
    <Font Include="AloeApps\Stronghold\media\NiseSega.ttf" />
  </ItemGroup>
</Project>